version = 1
revision = 3
requires-python = ">=3.12, <3.15"

[[package]]
name = "cet-sprint-coach-engine"
version = "1.1.0"
source = { virtual = "." }
dependencies = [
    { name = "fsrs" },
    { name = "pypdf" },
]

[package.metadata]
requires-dist = [
    { name = "fsrs", specifier = "==6.3.2" },
    { name = "pypdf", specifier = ">=6,<7" },
]

[[package]]
name = "fsrs"
version = "6.3.2"
source = { registry = "https://pypi.org/simple" }
dependencies = [
    { name = "typing-extensions" },
]
sdist = { url = "https://files.pythonhosted.org/packages/7f/cf/3995867b03de059624aa49634d62895eef211f909b322c4a478dcd858bd8/fsrs-6.3.2.tar.gz", hash = "sha256:7fe79947ceb92ca35fdca3dfa511a239be15b317cde63d6643a2da6110844d91", size = 32766, upload-time = "2026-08-09T04:36:03.074Z" }
wheels = [
    { url = "https://files.pythonhosted.org/packages/00/b9/c815e796480dd22441886f06b23f249a7ff2e3f41fc9bfaa428332e34b49/fsrs-6.3.2-py3-none-any.whl", hash = "sha256:bc55066c821164b1cff6d75b17a3ed8e86cfd45789e3d775cfcb895319ce9ba4", size = 22837, upload-time = "2026-08-09T04:36:01.932Z" },
]

[[package]]
name = "pypdf"
version = "6.19.0"
source = { registry = "https://pypi.org/simple" }
sdist = { url = "https://files.pythonhosted.org/packages/1f/ac/63d71aaedb59acbcdef491e6ca6469165e3771c9c74358204818fd9bc5a6/pypdf-6.19.0.tar.gz", hash = "sha256:bbc43aca292369ccc6cbc8a921991ecf2538a3587ab5a116eff06c321d647155", size = 7033266, upload-time = "2026-09-16T09:32:05.946Z" }
wheels = [
    { url = "https://files.pythonhosted.org/packages/3c/2c/c43c03eaf630435f023f1dc61ec4a4a78951ad5530a62c71cc89bde307b7/pypdf-6.19.0-py3-none-any.whl", hash = "sha256:7e5d6e730e7dae87d560a2cee218b852f6498c8be61966f3cd02ead971e48d14", size = 395480, upload-time = "2026-09-16T09:32:04.087Z" },
]

[[package]]
name = "typing-extensions"
version = "4.16.0"
source = { registry = "https://pypi.org/simple" }
sdist = { url = "https://files.pythonhosted.org/packages/f6/cc/6253133b5bb138fc3306cebfbda2c520f545d36b5be2c7255cc528bb45d6/typing_extensions-4.16.0.tar.gz", hash = "sha256:dc983d19a509c94dba722ee6abd33940f7c05a89e243c47e907eb4db6f1a43e5", size = 113555, upload-time = "2026-07-02T08:40:05.92Z" }
wheels = [
    { url = "https://files.pythonhosted.org/packages/49/d3/b8441a820a491ddfc024b0b0cf0393375b75ea13866d9c66727e54c2fc80/typing_extensions-4.16.0-py3-none-any.whl", hash = "sha256:481caa481374e813c1b176ada14e97f1f67a4539ce9cfeb3f350d78d6370c2e8", size = 45571, upload-time = "2026-07-02T08:40:04.659Z" },
]
